
Microsoft Visual Studio Solution File, Format Version 12.00
# Visual Studio Version 17
VisualStudioVersion = 17.3.32929.385
MinimumVisualStudioVersion = 10.0.40219.1
Project("{FAE04EC0-301F-11D3-BF4B-00C04F79EFBC}") = "WpfApp18", "WpfApp18\WpfApp18.csproj", "{B700360E-0056-4B96-A714-F0FAA05DC126}"
EndProject
Global
	GlobalSection(SolutionConfigurationPlatforms) = preSolution
		Debug|Any CPU = Debug|Any CPU
		Release|Any CPU = Release|Any CPU
	EndGlobalSection
	GlobalSection(ProjectConfigurationPlatforms) = postSolution
		{B700360E-0056-4B96-A714-F0FAA05DC126}.Debug|Any CPU.ActiveCfg = Debug|Any CPU
		{B700360E-0056-4B96-A714-F0FAA05DC126}.Debug|Any CPU.Build.0 = Debug|Any CPU
		{B700360E-0056-4B96-A714-F0FAA05DC126}.Release|Any CPU.ActiveCfg = Release|Any CPU
		{B700360E-0056-4B96-A714-F0FAA05DC126}.Release|Any CPU.Build.0 = Release|Any CPU
	EndGlobalSection
	GlobalSection(SolutionProperties) = preSolution
		HideSolutionNode = FALSE
	EndGlobalSection
	GlobalSection(ExtensibilityGlobals) = postSolution
		SolutionGuid = {AD07E151-5B1A-4547-AB2E-1D1F0C039553}
	EndGlobalSection
EndGlobal
